
Microsoft Visual Studio Solution File, Format Version 12.00
Project("{FAE04EC0-301F-11D3-BF4B-00C04F79EFBC}") = "SimpleApp", "SimpleApp.csproj", "{13C983AB-622A-40A2-A38B-F30997B7AC73}"
EndProject
Global
	GlobalSection(SolutionConfigurationPlatforms) = preSolution
		Debug|Any CPU = Debug|Any CPU
		Release|Any CPU = Release|Any CPU
	EndGlobalSection
	GlobalSection(ProjectConfigurationPlatforms) = postSolution
		{13C983AB-622A-40A2-A38B-F30997B7AC73}.Debug|Any CPU.ActiveCfg = Debug|Any CPU
		{13C983AB-622A-40A2-A38B-F30997B7AC73}.Debug|Any CPU.Build.0 = Debug|Any CPU
		{13C983AB-622A-40A2-A38B-F30997B7AC73}.Release|Any CPU.ActiveCfg = Release|Any CPU
		{13C983AB-622A-40A2-A38B-F30997B7AC73}.Release|Any CPU.Build.0 = Release|Any CPU
	EndGlobalSection
EndGlobal
